version = 1
requires-python = ">=3.11"

[[package]]
name = "aiwolf-nlp-agent"
version = "0.2.3"
source = { virtual = "." }
dependencies = [
    { name = "aiwolf-nlp-common" },
]

[package.metadata]
requires-dist = [{ name = "aiwolf-nlp-common", specifier = ">=0.4.2" }]

[[package]]
name = "aiwolf-nlp-common"
version = "0.4.2"
source = { registry = "https://test.pypi.org/simple/" }
dependencies = [
    { name = "websocket-client" },
]
sdist = { url = "https://test-files.pythonhosted.org/packages/2b/a1/459115fee26c22e7e02d759c3103dbd8e3001b8000dd367e3fb313fd6438/aiwolf_nlp_common-0.4.2.tar.gz", hash = "sha256:a2b18b842afd682e8467eebe0e12c0187f7b99d3c14330101869d5f440762d68", size = 42146 }
wheels = [
    { url = "https://test-files.pythonhosted.org/packages/61/7c/60e40cda55430ca5cbde26dfedfc7b3e4237ee9f109d6b0d3bc75a5d5366/aiwolf_nlp_common-0.4.2-py3-none-any.whl", hash = "sha256:abea3589a60111c044fa5217cc8a0c0253fce11adf98452dfe7e895dd36758a2", size = 20189 },
]

[[package]]
name = "websocket-client"
version = "1.8.0"
source = { registry = "https://test.pypi.org/simple/" }
sdist = { url = "https://test-files.pythonhosted.org/packages/e6/30/fba0d96b4b5fbf5948ed3f4681f7da2f9f64512e1d303f94b4cc174c24a5/websocket_client-1.8.0.tar.gz", hash = "sha256:3239df9f44da632f96012472805d40a23281a991027ce11d2f45a6f24ac4c3da", size = 54648 }
wheels = [
    { url = "https://test-files.pythonhosted.org/packages/5a/84/44687a29792a70e111c5c477230a72c4b957d88d16141199bf9acb7537a3/websocket_client-1.8.0-py3-none-any.whl", hash = "sha256:17b44cc997f5c498e809b22cdf2d9c7a9e71c02c8cc2b6c56e7c2d1239bfa526", size = 58826 },
]
