version = 1
requires-python = ">=3.11"

[[package]]
name = "aiwolf-nlp-agent"
version = "0.2.3"
source = { virtual = "." }
dependencies = [
    { name = "aiwolf-nlp-common" },
]

[package.metadata]
requires-dist = [{ name = "aiwolf-nlp-common", specifier = "==0.4.8" }]

[[package]]
name = "aiwolf-nlp-common"
version = "0.4.8"
source = { registry = "https://test.pypi.org/simple/" }
dependencies = [
    { name = "websocket-client" },
]
sdist = { url = "https://test-files.pythonhosted.org/packages/ca/d0/0c364cf2b07f20cf8e12cc9af1d89487853240f6658db941d315c594c594/aiwolf_nlp_common-0.4.8.tar.gz", hash = "sha256:d9c7329cdc54908818506f020fc61a46bd0522eef1b1025fda662cb54f96e8d5", size = 40882 }
wheels = [
    { url = "https://test-files.pythonhosted.org/packages/8b/52/1347292220286734021557141974840704e97fe0eec843158fc5bca7419c/aiwolf_nlp_common-0.4.8-py3-none-any.whl", hash = "sha256:618f59f1d77e684d10eed8cb90830e1f56968372dad4d9cd35efc2e3ebcf918a", size = 12390 },
]

[[package]]
name = "websocket-client"
version = "1.8.0"
source = { registry = "https://test.pypi.org/simple/" }
sdist = { url = "https://test-files.pythonhosted.org/packages/e6/30/fba0d96b4b5fbf5948ed3f4681f7da2f9f64512e1d303f94b4cc174c24a5/websocket_client-1.8.0.tar.gz", hash = "sha256:3239df9f44da632f96012472805d40a23281a991027ce11d2f45a6f24ac4c3da", size = 54648 }
wheels = [
    { url = "https://test-files.pythonhosted.org/packages/5a/84/44687a29792a70e111c5c477230a72c4b957d88d16141199bf9acb7537a3/websocket_client-1.8.0-py3-none-any.whl", hash = "sha256:17b44cc997f5c498e809b22cdf2d9c7a9e71c02c8cc2b6c56e7c2d1239bfa526", size = 58826 },
]
