version = 1
requires-python = ">=3.11"

[[package]]
name = "aiwolf-nlp-agent"
version = "0.2.3"
source = { virtual = "." }
dependencies = [
    { name = "aiwolf-nlp-common" },
]

[package.metadata]
requires-dist = [{ name = "aiwolf-nlp-common", specifier = "==0.4.5" }]

[[package]]
name = "aiwolf-nlp-common"
version = "0.4.5"
source = { registry = "https://test.pypi.org/simple/" }
dependencies = [
    { name = "websocket-client" },
]
sdist = { url = "https://test-files.pythonhosted.org/packages/8f/56/fdd5edc5a9cc3322a09f1878db9480bacc8fcda51012ee393c6b8b6b315d/aiwolf_nlp_common-0.4.5.tar.gz", hash = "sha256:c444c817e1d58665e9ed224f05dd7e44108bb963a329ab2298f79f6e393898af", size = 38501 }
wheels = [
    { url = "https://test-files.pythonhosted.org/packages/87/01/94391d339a9521b1deb35c022a34a5952558d65aa1638f4d6e15a333643c/aiwolf_nlp_common-0.4.5-py3-none-any.whl", hash = "sha256:fd4b47ddf7b9ba5d90b88412774d0c993ebfe114aecab3d0249894cd4d98df3d", size = 9833 },
]

[[package]]
name = "websocket-client"
version = "1.8.0"
source = { registry = "https://test.pypi.org/simple/" }
sdist = { url = "https://test-files.pythonhosted.org/packages/e6/30/fba0d96b4b5fbf5948ed3f4681f7da2f9f64512e1d303f94b4cc174c24a5/websocket_client-1.8.0.tar.gz", hash = "sha256:3239df9f44da632f96012472805d40a23281a991027ce11d2f45a6f24ac4c3da", size = 54648 }
wheels = [
    { url = "https://test-files.pythonhosted.org/packages/5a/84/44687a29792a70e111c5c477230a72c4b957d88d16141199bf9acb7537a3/websocket_client-1.8.0-py3-none-any.whl", hash = "sha256:17b44cc997f5c498e809b22cdf2d9c7a9e71c02c8cc2b6c56e7c2d1239bfa526", size = 58826 },
]
